
Microsoft Visual Studio Solution File, Format Version 12.00
# Visual Studio Version 17
VisualStudioVersion = 17.6.33801.468
MinimumVisualStudioVersion = 10.0.40219.1
Project("{FAE04EC0-301F-11D3-BF4B-00C04F79EFBC}") = "BasicObserverPatternUsingDelegates", "BasicObserverPatternUsingDelegates\BasicObserverPatternUsingDelegates.csproj", "{3287180D-2A3E-42D6-B652-52792732CD37}"
EndProject
Global
	GlobalSection(SolutionConfigurationPlatforms) = preSolution
		Debug|Any CPU = Debug|Any CPU
		Release|Any CPU = Release|Any CPU
	EndGlobalSection
	GlobalSection(ProjectConfigurationPlatforms) = postSolution
		{3287180D-2A3E-42D6-B652-52792732CD37}.Debug|Any CPU.ActiveCfg = Debug|Any CPU
		{3287180D-2A3E-42D6-B652-52792732CD37}.Debug|Any CPU.Build.0 = Debug|Any CPU
		{3287180D-2A3E-42D6-B652-52792732CD37}.Release|Any CPU.ActiveCfg = Release|Any CPU
		{3287180D-2A3E-42D6-B652-52792732CD37}.Release|Any CPU.Build.0 = Release|Any CPU
	EndGlobalSection
	GlobalSection(SolutionProperties) = preSolution
		HideSolutionNode = FALSE
	EndGlobalSection
	GlobalSection(ExtensibilityGlobals) = postSolution
		SolutionGuid = {B054756F-9D84-4932-9181-67826CC3ADF3}
	EndGlobalSection
EndGlobal
